github.com/DataDog/datadog-go v2.2.0+incompatible h1:V5BKkxACZLjzHjSgBbr2gvLA2Ae49yhc6CSY7MLy5k4=
github.com/DataDog/datadog-go v2.2.0+incompatible/go.mod h1:LButxg5PwREeZtORoXG3tL4fMGNddJ+vMq1mwgfaqoQ=
github.com/gofrs/flock v0.7.1 h1:DP+LD/t0njgoPBvT5MJLeliUIVQR03hiKR6vezdwHlc=
github.com/gofrs/flock v0.7.1/go.mod h1:F1TvTiK9OcQqauNUHlbJvyl9Qa1QvF/gOUDKA14jxHU=
github.com/tarm/serial v0.0.0-20180830185346-98f6abe2eb07 h1:UyzmZLoiDWMRywV4DUYb9Fbt8uiOSooupjTq10vpvnU=
github.com/tarm/serial v0.0.0-20180830185346-98f6abe2eb07/go.mod h1:kDXzergiv9cbyO7IOYJZWg1U88JhDg3PB6klq9Hg2pA=
golang.org/x/sys v0.0.0-20190508100423-12bbe5a7a520 h1:5/ojcKo2vQ2eroPDFcBB9tuc4N42a5njs7UWP2jk3KU=
golang.org/x/sys v0.0.0-20190508100423-12bbe5a7a520/go.mod h1:h1NjWce9XRLGQEsW7wpKNCjG9DtNlClVuFLEZdDNbEs=
